
Microsoft Visual Studio Solution File, Format Version 12.00
# Visual Studio Version 17
VisualStudioVersion = 17.2.32616.157
MinimumVisualStudioVersion = 10.0.40219.1
Project("{FAE04EC0-301F-11D3-BF4B-00C04F79EFBC}") = "Recipes", "Recipes\Recipes.csproj", "{04448111-3869-4F14-99F9-328579EA7E8B}"
EndProject
Global
	GlobalSection(SolutionConfigurationPlatforms) = preSolution
		Debug|Any CPU = Debug|Any CPU
		Release|Any CPU = Release|Any CPU
	EndGlobalSection
	GlobalSection(ProjectConfigurationPlatforms) = postSolution
		{04448111-3869-4F14-99F9-328579EA7E8B}.Debug|Any CPU.ActiveCfg = Debug|Any CPU
		{04448111-3869-4F14-99F9-328579EA7E8B}.Debug|Any CPU.Build.0 = Debug|Any CPU
		{04448111-3869-4F14-99F9-328579EA7E8B}.Release|Any CPU.ActiveCfg = Release|Any CPU
		{04448111-3869-4F14-99F9-328579EA7E8B}.Release|Any CPU.Build.0 = Release|Any CPU
	EndGlobalSection
	GlobalSection(SolutionProperties) = preSolution
		HideSolutionNode = FALSE
	EndGlobalSection
	GlobalSection(ExtensibilityGlobals) = postSolution
		SolutionGuid = {541165D0-C6BC-44C9-8E69-504E946D49EF}
	EndGlobalSection
EndGlobal
